
Microsoft Visual Studio Solution File, Format Version 12.00
# Visual Studio Version 17
VisualStudioVersion = 17.5.002.0
MinimumVisualStudioVersion = 10.0.40219.1
Project("{2150E333-8FDC-42A3-9474-1A3956D46DE8}") = "csharp-prep", "csharp-prep", "{14FE06FA-159A-4429-B25B-95E8FDDE9005}"
EndProject
Project("{9A19103F-16F7-4668-BE54-9A1E7A4F7556}") = "Prep1", "csharp-prep\Prep1\Prep1.csproj", "{C93D8A1B-7664-48DC-8505-1373E6F22B50}"
EndProject
Project("{9A19103F-16F7-4668-BE54-9A1E7A4F7556}") = "Prep2", "csharp-prep\Prep2\Prep2.csproj", "{37417F82-8CC7-44B6-BFF4-854164673775}"
EndProject
Project("{9A19103F-16F7-4668-BE54-9A1E7A4F7556}") = "Prep3", "csharp-prep\Prep3\Prep3.csproj", "{B1216D85-ADC8-42DA-A6D7-D107D7985219}"
EndProject
Project("{9A19103F-16F7-4668-BE54-9A1E7A4F7556}") = "Prep4", "csharp-prep\Prep4\Prep4.csproj", "{748D637E-71F2-4DF2-AD28-0643D03A2493}"
EndProject
Project("{9A19103F-16F7-4668-BE54-9A1E7A4F7556}") = "Prep5", "csharp-prep\Prep5\Prep5.csproj", "{0EF5B2FC-5E91-4C75-8DA6-43F916E62FAA}"
EndProject
Project("{2150E333-8FDC-42A3-9474-1A3956D46DE8}") = "final", "final", "{A6BD2075-1859-40A5-AC84-A0EC7EE58A8A}"
EndProject
Project("{9A19103F-16F7-4668-BE54-9A1E7A4F7556}") = "FinalProject", "final\FinalProject\FinalProject.csproj", "{157AAA39-8426-484E-9656-20467E719F40}"
EndProject
Project("{9A19103F-16F7-4668-BE54-9A1E7A4F7556}") = "Foundation1", "final\Foundation1\Foundation1.csproj", "{45EE9CB0-C363-4717-97FC-4E6D0F35F95E}"
EndProject
Project("{9A19103F-16F7-4668-BE54-9A1E7A4F7556}") = "Foundation2", "final\Foundation2\Foundation2.csproj", "{768356B6-6C41-43EF-9BB7-AED287D9182B}"
EndProject
Project("{9A19103F-16F7-4668-BE54-9A1E7A4F7556}") = "Foundation3", "final\Foundation3\Foundation3.csproj", "{74CB5AD8-F5A8-4926-AC47-544F18A0C71D}"
EndProject
Project("{9A19103F-16F7-4668-BE54-9A1E7A4F7556}") = "Foundation4", "final\Foundation4\Foundation4.csproj", "{BF217884-D112-44DD-A940-123F1EC5447B}"
EndProject
Project("{2150E333-8FDC-42A3-9474-1A3956D46DE8}") = "prepare", "prepare", "{5E97E1BA-3D89-4158-8D84-8506B055D1E0}"
EndProject
Project("{9A19103F-16F7-4668-BE54-9A1E7A4F7556}") = "Learning02", "prepare\Learning02\Learning02.csproj", "{414B30DA-C4CA-436D-9350-0768AFDFD574}"
EndProject
Project("{9A19103F-16F7-4668-BE54-9A1E7A4F7556}") = "Learning03", "prepare\Learning03\Learning03.csproj", "{47ACAA56-2055-4972-827E-5B20F6E628FE}"
EndProject
Project("{9A19103F-16F7-4668-BE54-9A1E7A4F7556}") = "Learning04", "prepare\Learning04\Learning04.csproj", "{9ED16EA4-7C22-4D25-AE0E-D7E5A6A8A8B0}"
EndProject
Project("{9A19103F-16F7-4668-BE54-9A1E7A4F7556}") = "Learning05", "prepare\Learning05\Learning05.csproj", "{9EB5FF4A-E6FF-4DA3-A2B0-84A131A3E893}"
EndProject
Project("{2150E333-8FDC-42A3-9474-1A3956D46DE8}") = "prove", "prove", "{78FA01ED-F03F-463C-86D2-B97403EE1E03}"
EndProject
Project("{9A19103F-16F7-4668-BE54-9A1E7A4F7556}") = "Develop02", "prove\Develop02\Develop02.csproj", "{62F17E17-D363-4BF2-9B7E-63D38ACABC96}"
EndProject
Project("{9A19103F-16F7-4668-BE54-9A1E7A4F7556}") = "Develop03", "prove\Develop03\Develop03.csproj", "{0C7C356C-298D-4E8B-9190-C31FE9BD8DB1}"
EndProject
Project("{9A19103F-16F7-4668-BE54-9A1E7A4F7556}") = "Develop04", "prove\Develop04\Develop04.csproj", "{8E6519DB-6C54-4941-B230-27D749A6E6A6}"
EndProject
Project("{9A19103F-16F7-4668-BE54-9A1E7A4F7556}") = "Develop05", "prove\Develop05\Develop05.csproj", "{A304AF42-CE96-4471-9A5F-EA97A2696EC7}"
EndProject
Project("{2150E333-8FDC-42A3-9474-1A3956D46DE8}") = "sandbox", "sandbox", "{349626A1-7B29-432F-A0E2-A3720FB9B2AB}"
EndProject
Project("{9A19103F-16F7-4668-BE54-9A1E7A4F7556}") = "Sandbox", "sandbox\Sandbox\Sandbox.csproj", "{3670EC48-5E8D-4ED3-816A-49F1BB8A2371}"
EndProject
Project("{2150E333-8FDC-42A3-9474-1A3956D46DE8}") = "cse210-hw", "cse210-hw", "{0852378C-E3A1-44D5-A1BD-4A514C78F4FA}"
EndProject
Project("{2150E333-8FDC-42A3-9474-1A3956D46DE8}") = "csharp-prep", "csharp-prep", "{E07149E6-83FF-4CC6-9DF7-07283293E7C8}"
EndProject
Project("{9A19103F-16F7-4668-BE54-9A1E7A4F7556}") = "Prep1", "cse210-hw\csharp-prep\Prep1\Prep1.csproj", "{5E75B04D-E2C6-401B-AD1E-EFD8B70C9EC9}"
EndProject
Project("{9A19103F-16F7-4668-BE54-9A1E7A4F7556}") = "Prep2", "cse210-hw\csharp-prep\Prep2\Prep2.csproj", "{12EA815B-E0C8-45B2-AC3E-D063EA1F866F}"
EndProject
Project("{9A19103F-16F7-4668-BE54-9A1E7A4F7556}") = "Prep3", "cse210-hw\csharp-prep\Prep3\Prep3.csproj", "{44D22617-C8F0-43CC-AA8B-F309396D023A}"
EndProject
Project("{9A19103F-16F7-4668-BE54-9A1E7A4F7556}") = "Prep4", "cse210-hw\csharp-prep\Prep4\Prep4.csproj", "{169AE3FA-D3B3-4777-8206-4D8D82107CFE}"
EndProject
Project("{9A19103F-16F7-4668-BE54-9A1E7A4F7556}") = "Prep5", "cse210-hw\csharp-prep\Prep5\Prep5.csproj", "{A0AF6176-8B20-4A37-8ED8-5C6BE0A1C353}"
EndProject
Project("{2150E333-8FDC-42A3-9474-1A3956D46DE8}") = "final", "final", "{0C281BC0-F0F6-470A-A93D-81B3EFA334A9}"
EndProject
Project("{9A19103F-16F7-4668-BE54-9A1E7A4F7556}") = "FinalProject", "cse210-hw\final\FinalProject\FinalProject.csproj", "{8CBDF993-DDFA-43F4-BBE9-B695C31B97C8}"
EndProject
Project("{9A19103F-16F7-4668-BE54-9A1E7A4F7556}") = "Foundation1", "cse210-hw\final\Foundation1\Foundation1.csproj", "{9ABFCBD0-ADF8-43BB-A128-91D6EF234504}"
EndProject
Project("{9A19103F-16F7-4668-BE54-9A1E7A4F7556}") = "Foundation2", "cse210-hw\final\Foundation2\Foundation2.csproj", "{D706BAD2-B58E-4525-8DCF-6AAB4A42BB81}"
EndProject
Project("{9A19103F-16F7-4668-BE54-9A1E7A4F7556}") = "Foundation3", "cse210-hw\final\Foundation3\Foundation3.csproj", "{D09F6BCC-DB3C-4B8E-8415-AEF3C123B696}"
EndProject
Project("{9A19103F-16F7-4668-BE54-9A1E7A4F7556}") = "Foundation4", "cse210-hw\final\Foundation4\Foundation4.csproj", "{023018B8-2BF0-4043-81C1-D8EEF951B8CA}"
EndProject
Project("{2150E333-8FDC-42A3-9474-1A3956D46DE8}") = "prepare", "prepare", "{DFC94892-8F5B-4812-824E-AF4ACD480BF5}"
EndProject
Project("{9A19103F-16F7-4668-BE54-9A1E7A4F7556}") = "Learning02", "cse210-hw\prepare\Learning02\Learning02.csproj", "{4991DB78-78B0-42E3-B3B6-06BF6F4E8E78}"
EndProject
Project("{9A19103F-16F7-4668-BE54-9A1E7A4F7556}") = "Learning03", "cse210-hw\prepare\Learning03\Learning03.csproj", "{21B4E4CD-2F38-4205-8A74-EB5E28C37D39}"
EndProject
Project("{9A19103F-16F7-4668-BE54-9A1E7A4F7556}") = "Learning04", "cse210-hw\prepare\Learning04\Learning04.csproj", "{020B2C40-8D04-4FAC-AC6B-564DBC81EF40}"
EndProject
Project("{9A19103F-16F7-4668-BE54-9A1E7A4F7556}") = "Learning05", "cse210-hw\prepare\Learning05\Learning05.csproj", "{69F247B3-1C89-4835-A222-C5FD52AC4EE4}"
EndProject
Project("{2150E333-8FDC-42A3-9474-1A3956D46DE8}") = "prove", "prove", "{E47B68A3-18B9-4E03-B23E-65EDB323E6B5}"
EndProject
Project("{9A19103F-16F7-4668-BE54-9A1E7A4F7556}") = "Develop02", "cse210-hw\prove\Develop02\Develop02.csproj", "{D7525AA5-1BE9-4B63-94A6-11FCB63515A4}"
EndProject
Project("{9A19103F-16F7-4668-BE54-9A1E7A4F7556}") = "Develop03", "cse210-hw\prove\Develop03\Develop03.csproj", "{2C182820-1F1E-4B3D-B876-93F933ADA50A}"
EndProject
Project("{9A19103F-16F7-4668-BE54-9A1E7A4F7556}") = "Develop04", "cse210-hw\prove\Develop04\Develop04.csproj", "{DF7D7E7F-4838-408D-B22D-6B3E94A43D5E}"
EndProject
Project("{9A19103F-16F7-4668-BE54-9A1E7A4F7556}") = "Develop05", "cse210-hw\prove\Develop05\Develop05.csproj", "{C91043D5-2D3C-448C-BEDF-A6030AEA374F}"
EndProject
Project("{2150E333-8FDC-42A3-9474-1A3956D46DE8}") = "sandbox", "sandbox", "{4E786816-C539-493F-ACED-09ECB8D6CF32}"
EndProject
Project("{9A19103F-16F7-4668-BE54-9A1E7A4F7556}") = "Sandbox", "cse210-hw\sandbox\Sandbox\Sandbox.csproj", "{75AE154F-AE73-4241-9604-594DD8038BF4}"
EndProject
Global
	GlobalSection(SolutionConfigurationPlatforms) = preSolution
		Debug|Any CPU = Debug|Any CPU
		Release|Any CPU = Release|Any CPU
	EndGlobalSection
	GlobalSection(ProjectConfigurationPlatforms) = postSolution
		{C93D8A1B-7664-48DC-8505-1373E6F22B50}.Debug|Any CPU.ActiveCfg = Debug|Any CPU
		{C93D8A1B-7664-48DC-8505-1373E6F22B50}.Debug|Any CPU.Build.0 = Debug|Any CPU
		{C93D8A1B-7664-48DC-8505-1373E6F22B50}.Release|Any CPU.ActiveCfg = Release|Any CPU
		{C93D8A1B-7664-48DC-8505-1373E6F22B50}.Release|Any CPU.Build.0 = Release|Any CPU
		{37417F82-8CC7-44B6-BFF4-854164673775}.Debug|Any CPU.ActiveCfg = Debug|Any CPU
		{37417F82-8CC7-44B6-BFF4-854164673775}.Debug|Any CPU.Build.0 = Debug|Any CPU
		{37417F82-8CC7-44B6-BFF4-854164673775}.Release|Any CPU.ActiveCfg = Release|Any CPU
		{37417F82-8CC7-44B6-BFF4-854164673775}.Release|Any CPU.Build.0 = Release|Any CPU
		{B1216D85-ADC8-42DA-A6D7-D107D7985219}.Debug|Any CPU.ActiveCfg = Debug|Any CPU
		{B1216D85-ADC8-42DA-A6D7-D107D7985219}.Debug|Any CPU.Build.0 = Debug|Any CPU
		{B1216D85-ADC8-42DA-A6D7-D107D7985219}.Release|Any CPU.ActiveCfg = Release|Any CPU
		{B1216D85-ADC8-42DA-A6D7-D107D7985219}.Release|Any CPU.Build.0 = Release|Any CPU
		{748D637E-71F2-4DF2-AD28-0643D03A2493}.Debug|Any CPU.ActiveCfg = Debug|Any CPU
		{748D637E-71F2-4DF2-AD28-0643D03A2493}.Debug|Any CPU.Build.0 = Debug|Any CPU
		{748D637E-71F2-4DF2-AD28-0643D03A2493}.Release|Any CPU.ActiveCfg = Release|Any CPU
		{748D637E-71F2-4DF2-AD28-0643D03A2493}.Release|Any CPU.Build.0 = Release|Any CPU
		{0EF5B2FC-5E91-4C75-8DA6-43F916E62FAA}.Debug|Any CPU.ActiveCfg = Debug|Any CPU
		{0EF5B2FC-5E91-4C75-8DA6-43F916E62FAA}.Debug|Any CPU.Build.0 = Debug|Any CPU
		{0EF5B2FC-5E91-4C75-8DA6-43F916E62FAA}.Release|Any CPU.ActiveCfg = Release|Any CPU
		{0EF5B2FC-5E91-4C75-8DA6-43F916E62FAA}.Release|Any CPU.Build.0 = Release|Any CPU
		{157AAA39-8426-484E-9656-20467E719F40}.Debug|Any CPU.ActiveCfg = Debug|Any CPU
		{157AAA39-8426-484E-9656-20467E719F40}.Debug|Any CPU.Build.0 = Debug|Any CPU
		{157AAA39-8426-484E-9656-20467E719F40}.Release|Any CPU.ActiveCfg = Release|Any CPU
		{157AAA39-8426-484E-9656-20467E719F40}.Release|Any CPU.Build.0 = Release|Any CPU
		{45EE9CB0-C363-4717-97FC-4E6D0F35F95E}.Debug|Any CPU.ActiveCfg = Debug|Any CPU
		{45EE9CB0-C363-4717-97FC-4E6D0F35F95E}.Debug|Any CPU.Build.0 = Debug|Any CPU
		{45EE9CB0-C363-4717-97FC-4E6D0F35F95E}.Release|Any CPU.ActiveCfg = Release|Any CPU
		{45EE9CB0-C363-4717-97FC-4E6D0F35F95E}.Release|Any CPU.Build.0 = Release|Any CPU
		{768356B6-6C41-43EF-9BB7-AED287D9182B}.Debug|Any CPU.ActiveCfg = Debug|Any CPU
		{768356B6-6C41-43EF-9BB7-AED287D9182B}.Debug|Any CPU.Build.0 = Debug|Any CPU
		{768356B6-6C41-43EF-9BB7-AED287D9182B}.Release|Any CPU.ActiveCfg = Release|Any CPU
		{768356B6-6C41-43EF-9BB7-AED287D9182B}.Release|Any CPU.Build.0 = Release|Any CPU
		{74CB5AD8-F5A8-4926-AC47-544F18A0C71D}.Debug|Any CPU.ActiveCfg = Debug|Any CPU
		{74CB5AD8-F5A8-4926-AC47-544F18A0C71D}.Debug|Any CPU.Build.0 = Debug|Any CPU
		{74CB5AD8-F5A8-4926-AC47-544F18A0C71D}.Release|Any CPU.ActiveCfg = Release|Any CPU
		{74CB5AD8-F5A8-4926-AC47-544F18A0C71D}.Release|Any CPU.Build.0 = Release|Any CPU
		{BF217884-D112-44DD-A940-123F1EC5447B}.Debug|Any CPU.ActiveCfg = Debug|Any CPU
		{BF217884-D112-44DD-A940-123F1EC5447B}.Debug|Any CPU.Build.0 = Debug|Any CPU
		{BF217884-D112-44DD-A940-123F1EC5447B}.Release|Any CPU.ActiveCfg = Release|Any CPU
		{BF217884-D112-44DD-A940-123F1EC5447B}.Release|Any CPU.Build.0 = Release|Any CPU
		{414B30DA-C4CA-436D-9350-0768AFDFD574}.Debug|Any CPU.ActiveCfg = Debug|Any CPU
		{414B30DA-C4CA-436D-9350-0768AFDFD574}.Debug|Any CPU.Build.0 = Debug|Any CPU
		{414B30DA-C4CA-436D-9350-0768AFDFD574}.Release|Any CPU.ActiveCfg = Release|Any CPU
		{414B30DA-C4CA-436D-9350-0768AFDFD574}.Release|Any CPU.Build.0 = Release|Any CPU
		{47ACAA56-2055-4972-827E-5B20F6E628FE}.Debug|Any CPU.ActiveCfg = Debug|Any CPU
		{47ACAA56-2055-4972-827E-5B20F6E628FE}.Debug|Any CPU.Build.0 = Debug|Any CPU
		{47ACAA56-2055-4972-827E-5B20F6E628FE}.Release|Any CPU.ActiveCfg = Release|Any CPU
		{47ACAA56-2055-4972-827E-5B20F6E628FE}.Release|Any CPU.Build.0 = Release|Any CPU
		{9ED16EA4-7C22-4D25-AE0E-D7E5A6A8A8B0}.Debug|Any CPU.ActiveCfg = Debug|Any CPU
		{9ED16EA4-7C22-4D25-AE0E-D7E5A6A8A8B0}.Debug|Any CPU.Build.0 = Debug|Any CPU
		{9ED16EA4-7C22-4D25-AE0E-D7E5A6A8A8B0}.Release|Any CPU.ActiveCfg = Release|Any CPU
		{9ED16EA4-7C22-4D25-AE0E-D7E5A6A8A8B0}.Release|Any CPU.Build.0 = Release|Any CPU
		{9EB5FF4A-E6FF-4DA3-A2B0-84A131A3E893}.Debug|Any CPU.ActiveCfg = Debug|Any CPU
		{9EB5FF4A-E6FF-4DA3-A2B0-84A131A3E893}.Debug|Any CPU.Build.0 = Debug|Any CPU
		{9EB5FF4A-E6FF-4DA3-A2B0-84A131A3E893}.Release|Any CPU.ActiveCfg = Release|Any CPU
		{9EB5FF4A-E6FF-4DA3-A2B0-84A131A3E893}.Release|Any CPU.Build.0 = Release|Any CPU
		{62F17E17-D363-4BF2-9B7E-63D38ACABC96}.Debug|Any CPU.ActiveCfg = Debug|Any CPU
		{62F17E17-D363-4BF2-9B7E-63D38ACABC96}.Debug|Any CPU.Build.0 = Debug|Any CPU
		{62F17E17-D363-4BF2-9B7E-63D38ACABC96}.Release|Any CPU.ActiveCfg = Release|Any CPU
		{62F17E17-D363-4BF2-9B7E-63D38ACABC96}.Release|Any CPU.Build.0 = Release|Any CPU
		{0C7C356C-298D-4E8B-9190-C31FE9BD8DB1}.Debug|Any CPU.ActiveCfg = Debug|Any CPU
		{0C7C356C-298D-4E8B-9190-C31FE9BD8DB1}.Debug|Any CPU.Build.0 = Debug|Any CPU
		{0C7C356C-298D-4E8B-9190-C31FE9BD8DB1}.Release|Any CPU.ActiveCfg = Release|Any CPU
		{0C7C356C-298D-4E8B-9190-C31FE9BD8DB1}.Release|Any CPU.Build.0 = Release|Any CPU
		{8E6519DB-6C54-4941-B230-27D749A6E6A6}.Debug|Any CPU.ActiveCfg = Debug|Any CPU
		{8E6519DB-6C54-4941-B230-27D749A6E6A6}.Debug|Any CPU.Build.0 = Debug|Any CPU
		{8E6519DB-6C54-4941-B230-27D749A6E6A6}.Release|Any CPU.ActiveCfg = Release|Any CPU
		{8E6519DB-6C54-4941-B230-27D749A6E6A6}.Release|Any CPU.Build.0 = Release|Any CPU
		{A304AF42-CE96-4471-9A5F-EA97A2696EC7}.Debug|Any CPU.ActiveCfg = Debug|Any CPU
		{A304AF42-CE96-4471-9A5F-EA97A2696EC7}.Debug|Any CPU.Build.0 = Debug|Any CPU
		{A304AF42-CE96-4471-9A5F-EA97A2696EC7}.Release|Any CPU.ActiveCfg = Release|Any CPU
		{A304AF42-CE96-4471-9A5F-EA97A2696EC7}.Release|Any CPU.Build.0 = Release|Any CPU
		{3670EC48-5E8D-4ED3-816A-49F1BB8A2371}.Debug|Any CPU.ActiveCfg = Debug|Any CPU
		{3670EC48-5E8D-4ED3-816A-49F1BB8A2371}.Debug|Any CPU.Build.0 = Debug|Any CPU
		{3670EC48-5E8D-4ED3-816A-49F1BB8A2371}.Release|Any CPU.ActiveCfg = Release|Any CPU
		{3670EC48-5E8D-4ED3-816A-49F1BB8A2371}.Release|Any CPU.Build.0 = Release|Any CPU
		{5E75B04D-E2C6-401B-AD1E-EFD8B70C9EC9}.Debug|Any CPU.ActiveCfg = Debug|Any CPU
		{5E75B04D-E2C6-401B-AD1E-EFD8B70C9EC9}.Debug|Any CPU.Build.0 = Debug|Any CPU
		{5E75B04D-E2C6-401B-AD1E-EFD8B70C9EC9}.Release|Any CPU.ActiveCfg = Release|Any CPU
		{5E75B04D-E2C6-401B-AD1E-EFD8B70C9EC9}.Release|Any CPU.Build.0 = Release|Any CPU
		{12EA815B-E0C8-45B2-AC3E-D063EA1F866F}.Debug|Any CPU.ActiveCfg = Debug|Any CPU
		{12EA815B-E0C8-45B2-AC3E-D063EA1F866F}.Debug|Any CPU.Build.0 = Debug|Any CPU
		{12EA815B-E0C8-45B2-AC3E-D063EA1F866F}.Release|Any CPU.ActiveCfg = Release|Any CPU
		{12EA815B-E0C8-45B2-AC3E-D063EA1F866F}.Release|Any CPU.Build.0 = Release|Any CPU
		{44D22617-C8F0-43CC-AA8B-F309396D023A}.Debug|Any CPU.ActiveCfg = Debug|Any CPU
		{44D22617-C8F0-43CC-AA8B-F309396D023A}.Debug|Any CPU.Build.0 = Debug|Any CPU
		{44D22617-C8F0-43CC-AA8B-F309396D023A}.Release|Any CPU.ActiveCfg = Release|Any CPU
		{44D22617-C8F0-43CC-AA8B-F309396D023A}.Release|Any CPU.Build.0 = Release|Any CPU
		{169AE3FA-D3B3-4777-8206-4D8D82107CFE}.Debug|Any CPU.ActiveCfg = Debug|Any CPU
		{169AE3FA-D3B3-4777-8206-4D8D82107CFE}.Debug|Any CPU.Build.0 = Debug|Any CPU
		{169AE3FA-D3B3-4777-8206-4D8D82107CFE}.Release|Any CPU.ActiveCfg = Release|Any CPU
		{169AE3FA-D3B3-4777-8206-4D8D82107CFE}.Release|Any CPU.Build.0 = Release|Any CPU
		{A0AF6176-8B20-4A37-8ED8-5C6BE0A1C353}.Debug|Any CPU.ActiveCfg = Debug|Any CPU
		{A0AF6176-8B20-4A37-8ED8-5C6BE0A1C353}.Debug|Any CPU.Build.0 = Debug|Any CPU
		{A0AF6176-8B20-4A37-8ED8-5C6BE0A1C353}.Release|Any CPU.ActiveCfg = Release|Any CPU
		{A0AF6176-8B20-4A37-8ED8-5C6BE0A1C353}.Release|Any CPU.Build.0 = Release|Any CPU
		{8CBDF993-DDFA-43F4-BBE9-B695C31B97C8}.Debug|Any CPU.ActiveCfg = Debug|Any CPU
		{8CBDF993-DDFA-43F4-BBE9-B695C31B97C8}.Debug|Any CPU.Build.0 = Debug|Any CPU
		{8CBDF993-DDFA-43F4-BBE9-B695C31B97C8}.Release|Any CPU.ActiveCfg = Release|Any CPU
		{8CBDF993-DDFA-43F4-BBE9-B695C31B97C8}.Release|Any CPU.Build.0 = Release|Any CPU
		{9ABFCBD0-ADF8-43BB-A128-91D6EF234504}.Debug|Any CPU.ActiveCfg = Debug|Any CPU
		{9ABFCBD0-ADF8-43BB-A128-91D6EF234504}.Debug|Any CPU.Build.0 = Debug|Any CPU
		{9ABFCBD0-ADF8-43BB-A128-91D6EF234504}.Release|Any CPU.ActiveCfg = Release|Any CPU
		{9ABFCBD0-ADF8-43BB-A128-91D6EF234504}.Release|Any CPU.Build.0 = Release|Any CPU
		{D706BAD2-B58E-4525-8DCF-6AAB4A42BB81}.Debug|Any CPU.ActiveCfg = Debug|Any CPU
		{D706BAD2-B58E-4525-8DCF-6AAB4A42BB81}.Debug|Any CPU.Build.0 = Debug|Any CPU
		{D706BAD2-B58E-4525-8DCF-6AAB4A42BB81}.Release|Any CPU.ActiveCfg = Release|Any CPU
		{D706BAD2-B58E-4525-8DCF-6AAB4A42BB81}.Release|Any CPU.Build.0 = Release|Any CPU
		{D09F6BCC-DB3C-4B8E-8415-AEF3C123B696}.Debug|Any CPU.ActiveCfg = Debug|Any CPU
		{D09F6BCC-DB3C-4B8E-8415-AEF3C123B696}.Debug|Any CPU.Build.0 = Debug|Any CPU
		{D09F6BCC-DB3C-4B8E-8415-AEF3C123B696}.Release|Any CPU.ActiveCfg = Release|Any CPU
		{D09F6BCC-DB3C-4B8E-8415-AEF3C123B696}.Release|Any CPU.Build.0 = Release|Any CPU
		{023018B8-2BF0-4043-81C1-D8EEF951B8CA}.Debug|Any CPU.ActiveCfg = Debug|Any CPU
		{023018B8-2BF0-4043-81C1-D8EEF951B8CA}.Debug|Any CPU.Build.0 = Debug|Any CPU
		{023018B8-2BF0-4043-81C1-D8EEF951B8CA}.Release|Any CPU.ActiveCfg = Release|Any CPU
		{023018B8-2BF0-4043-81C1-D8EEF951B8CA}.Release|Any CPU.Build.0 = Release|Any CPU
		{4991DB78-78B0-42E3-B3B6-06BF6F4E8E78}.Debug|Any CPU.ActiveCfg = Debug|Any CPU
		{4991DB78-78B0-42E3-B3B6-06BF6F4E8E78}.Debug|Any CPU.Build.0 = Debug|Any CPU
		{4991DB78-78B0-42E3-B3B6-06BF6F4E8E78}.Release|Any CPU.ActiveCfg = Release|Any CPU
		{4991DB78-78B0-42E3-B3B6-06BF6F4E8E78}.Release|Any CPU.Build.0 = Release|Any CPU
		{21B4E4CD-2F38-4205-8A74-EB5E28C37D39}.Debug|Any CPU.ActiveCfg = Debug|Any CPU
		{21B4E4CD-2F38-4205-8A74-EB5E28C37D39}.Debug|Any CPU.Build.0 = Debug|Any CPU
		{21B4E4CD-2F38-4205-8A74-EB5E28C37D39}.Release|Any CPU.ActiveCfg = Release|Any CPU
		{21B4E4CD-2F38-4205-8A74-EB5E28C37D39}.Release|Any CPU.Build.0 = Release|Any CPU
		{020B2C40-8D04-4FAC-AC6B-564DBC81EF40}.Debug|Any CPU.ActiveCfg = Debug|Any CPU
		{020B2C40-8D04-4FAC-AC6B-564DBC81EF40}.Debug|Any CPU.Build.0 = Debug|Any CPU
		{020B2C40-8D04-4FAC-AC6B-564DBC81EF40}.Release|Any CPU.ActiveCfg = Release|Any CPU
		{020B2C40-8D04-4FAC-AC6B-564DBC81EF40}.Release|Any CPU.Build.0 = Release|Any CPU
		{69F247B3-1C89-4835-A222-C5FD52AC4EE4}.Debug|Any CPU.ActiveCfg = Debug|Any CPU
		{69F247B3-1C89-4835-A222-C5FD52AC4EE4}.Debug|Any CPU.Build.0 = Debug|Any CPU
		{69F247B3-1C89-4835-A222-C5FD52AC4EE4}.Release|Any CPU.ActiveCfg = Release|Any CPU
		{69F247B3-1C89-4835-A222-C5FD52AC4EE4}.Release|Any CPU.Build.0 = Release|Any CPU
		{D7525AA5-1BE9-4B63-94A6-11FCB63515A4}.Debug|Any CPU.ActiveCfg = Debug|Any CPU
		{D7525AA5-1BE9-4B63-94A6-11FCB63515A4}.Debug|Any CPU.Build.0 = Debug|Any CPU
		{D7525AA5-1BE9-4B63-94A6-11FCB63515A4}.Release|Any CPU.ActiveCfg = Release|Any CPU
		{D7525AA5-1BE9-4B63-94A6-11FCB63515A4}.Release|Any CPU.Build.0 = Release|Any CPU
		{2C182820-1F1E-4B3D-B876-93F933ADA50A}.Debug|Any CPU.ActiveCfg = Debug|Any CPU
		{2C182820-1F1E-4B3D-B876-93F933ADA50A}.Debug|Any CPU.Build.0 = Debug|Any CPU
		{2C182820-1F1E-4B3D-B876-93F933ADA50A}.Release|Any CPU.ActiveCfg = Release|Any CPU
		{2C182820-1F1E-4B3D-B876-93F933ADA50A}.Release|Any CPU.Build.0 = Release|Any CPU
		{DF7D7E7F-4838-408D-B22D-6B3E94A43D5E}.Debug|Any CPU.ActiveCfg = Debug|Any CPU
		{DF7D7E7F-4838-408D-B22D-6B3E94A43D5E}.Debug|Any CPU.Build.0 = Debug|Any CPU
		{DF7D7E7F-4838-408D-B22D-6B3E94A43D5E}.Release|Any CPU.ActiveCfg = Release|Any CPU
		{DF7D7E7F-4838-408D-B22D-6B3E94A43D5E}.Release|Any CPU.Build.0 = Release|Any CPU
		{C91043D5-2D3C-448C-BEDF-A6030AEA374F}.Debug|Any CPU.ActiveCfg = Debug|Any CPU
		{C91043D5-2D3C-448C-BEDF-A6030AEA374F}.Debug|Any CPU.Build.0 = Debug|Any CPU
		{C91043D5-2D3C-448C-BEDF-A6030AEA374F}.Release|Any CPU.ActiveCfg = Release|Any CPU
		{C91043D5-2D3C-448C-BEDF-A6030AEA374F}.Release|Any CPU.Build.0 = Release|Any CPU
		{75AE154F-AE73-4241-9604-594DD8038BF4}.Debug|Any CPU.ActiveCfg = Debug|Any CPU
		{75AE154F-AE73-4241-9604-594DD8038BF4}.Debug|Any CPU.Build.0 = Debug|Any CPU
		{75AE154F-AE73-4241-9604-594DD8038BF4}.Release|Any CPU.ActiveCfg = Release|Any CPU
		{75AE154F-AE73-4241-9604-594DD8038BF4}.Release|Any CPU.Build.0 = Release|Any CPU
	EndGlobalSection
	GlobalSection(SolutionProperties) = preSolution
		HideSolutionNode = FALSE
	EndGlobalSection
	GlobalSection(NestedProjects) = preSolution
		{C93D8A1B-7664-48DC-8505-1373E6F22B50} = {14FE06FA-159A-4429-B25B-95E8FDDE9005}
		{37417F82-8CC7-44B6-BFF4-854164673775} = {14FE06FA-159A-4429-B25B-95E8FDDE9005}
		{B1216D85-ADC8-42DA-A6D7-D107D7985219} = {14FE06FA-159A-4429-B25B-95E8FDDE9005}
		{748D637E-71F2-4DF2-AD28-0643D03A2493} = {14FE06FA-159A-4429-B25B-95E8FDDE9005}
		{0EF5B2FC-5E91-4C75-8DA6-43F916E62FAA} = {14FE06FA-159A-4429-B25B-95E8FDDE9005}
		{157AAA39-8426-484E-9656-20467E719F40} = {A6BD2075-1859-40A5-AC84-A0EC7EE58A8A}
		{45EE9CB0-C363-4717-97FC-4E6D0F35F95E} = {A6BD2075-1859-40A5-AC84-A0EC7EE58A8A}
		{768356B6-6C41-43EF-9BB7-AED287D9182B} = {A6BD2075-1859-40A5-AC84-A0EC7EE58A8A}
		{74CB5AD8-F5A8-4926-AC47-544F18A0C71D} = {A6BD2075-1859-40A5-AC84-A0EC7EE58A8A}
		{BF217884-D112-44DD-A940-123F1EC5447B} = {A6BD2075-1859-40A5-AC84-A0EC7EE58A8A}
		{414B30DA-C4CA-436D-9350-0768AFDFD574} = {5E97E1BA-3D89-4158-8D84-8506B055D1E0}
		{47ACAA56-2055-4972-827E-5B20F6E628FE} = {5E97E1BA-3D89-4158-8D84-8506B055D1E0}
		{9ED16EA4-7C22-4D25-AE0E-D7E5A6A8A8B0} = {5E97E1BA-3D89-4158-8D84-8506B055D1E0}
		{9EB5FF4A-E6FF-4DA3-A2B0-84A131A3E893} = {5E97E1BA-3D89-4158-8D84-8506B055D1E0}
		{62F17E17-D363-4BF2-9B7E-63D38ACABC96} = {78FA01ED-F03F-463C-86D2-B97403EE1E03}
		{0C7C356C-298D-4E8B-9190-C31FE9BD8DB1} = {78FA01ED-F03F-463C-86D2-B97403EE1E03}
		{8E6519DB-6C54-4941-B230-27D749A6E6A6} = {78FA01ED-F03F-463C-86D2-B97403EE1E03}
		{A304AF42-CE96-4471-9A5F-EA97A2696EC7} = {78FA01ED-F03F-463C-86D2-B97403EE1E03}
		{3670EC48-5E8D-4ED3-816A-49F1BB8A2371} = {349626A1-7B29-432F-A0E2-A3720FB9B2AB}
		{E07149E6-83FF-4CC6-9DF7-07283293E7C8} = {0852378C-E3A1-44D5-A1BD-4A514C78F4FA}
		{5E75B04D-E2C6-401B-AD1E-EFD8B70C9EC9} = {E07149E6-83FF-4CC6-9DF7-07283293E7C8}
		{12EA815B-E0C8-45B2-AC3E-D063EA1F866F} = {E07149E6-83FF-4CC6-9DF7-07283293E7C8}
		{44D22617-C8F0-43CC-AA8B-F309396D023A} = {E07149E6-83FF-4CC6-9DF7-07283293E7C8}
		{169AE3FA-D3B3-4777-8206-4D8D82107CFE} = {E07149E6-83FF-4CC6-9DF7-07283293E7C8}
		{A0AF6176-8B20-4A37-8ED8-5C6BE0A1C353} = {E07149E6-83FF-4CC6-9DF7-07283293E7C8}
		{0C281BC0-F0F6-470A-A93D-81B3EFA334A9} = {0852378C-E3A1-44D5-A1BD-4A514C78F4FA}
		{8CBDF993-DDFA-43F4-BBE9-B695C31B97C8} = {0C281BC0-F0F6-470A-A93D-81B3EFA334A9}
		{9ABFCBD0-ADF8-43BB-A128-91D6EF234504} = {0C281BC0-F0F6-470A-A93D-81B3EFA334A9}
		{D706BAD2-B58E-4525-8DCF-6AAB4A42BB81} = {0C281BC0-F0F6-470A-A93D-81B3EFA334A9}
		{D09F6BCC-DB3C-4B8E-8415-AEF3C123B696} = {0C281BC0-F0F6-470A-A93D-81B3EFA334A9}
		{023018B8-2BF0-4043-81C1-D8EEF951B8CA} = {0C281BC0-F0F6-470A-A93D-81B3EFA334A9}
		{DFC94892-8F5B-4812-824E-AF4ACD480BF5} = {0852378C-E3A1-44D5-A1BD-4A514C78F4FA}
		{4991DB78-78B0-42E3-B3B6-06BF6F4E8E78} = {DFC94892-8F5B-4812-824E-AF4ACD480BF5}
		{21B4E4CD-2F38-4205-8A74-EB5E28C37D39} = {DFC94892-8F5B-4812-824E-AF4ACD480BF5}
		{020B2C40-8D04-4FAC-AC6B-564DBC81EF40} = {DFC94892-8F5B-4812-824E-AF4ACD480BF5}
		{69F247B3-1C89-4835-A222-C5FD52AC4EE4} = {DFC94892-8F5B-4812-824E-AF4ACD480BF5}
		{E47B68A3-18B9-4E03-B23E-65EDB323E6B5} = {0852378C-E3A1-44D5-A1BD-4A514C78F4FA}
		{D7525AA5-1BE9-4B63-94A6-11FCB63515A4} = {E47B68A3-18B9-4E03-B23E-65EDB323E6B5}
		{2C182820-1F1E-4B3D-B876-93F933ADA50A} = {E47B68A3-18B9-4E03-B23E-65EDB323E6B5}
		{DF7D7E7F-4838-408D-B22D-6B3E94A43D5E} = {E47B68A3-18B9-4E03-B23E-65EDB323E6B5}
		{C91043D5-2D3C-448C-BEDF-A6030AEA374F} = {E47B68A3-18B9-4E03-B23E-65EDB323E6B5}
		{4E786816-C539-493F-ACED-09ECB8D6CF32} = {0852378C-E3A1-44D5-A1BD-4A514C78F4FA}
		{75AE154F-AE73-4241-9604-594DD8038BF4} = {4E786816-C539-493F-ACED-09ECB8D6CF32}
	EndGlobalSection
	GlobalSection(ExtensibilityGlobals) = postSolution
		SolutionGuid = {79BEABC8-09D4-4528-B2C9-C558C96536F0}
	EndGlobalSection
EndGlobal
